
Microsoft Visual Studio Solution File, Format Version 12.00
# Visual Studio Version 16
VisualStudioVersion = 16.0.30804.86
MinimumVisualStudioVersion = 10.0.40219.1
Project("{9A19103F-16F7-4668-BE54-9A1E7A4F7556}") = "Lesson2", "Lesson2\Lesson2.csproj", "{F94A9F0F-8296-4559-BFF8-AE63F966326C}"
EndProject
Project("{9A19103F-16F7-4668-BE54-9A1E7A4F7556}") = "Task1.1", "Task1.1\Task1.1.csproj", "{0EA02082-E7FA-4327-B30F-7C45006B86BC}"
EndProject
Project("{9A19103F-16F7-4668-BE54-9A1E7A4F7556}") = "Task1.2", "Task1.2\Task1.2.csproj", "{683BFCBD-420F-4F2F-B98D-E36A3758CCBF}"
EndProject
Project("{9A19103F-16F7-4668-BE54-9A1E7A4F7556}") = "Task2.2.1", "Task2.2.1\Task2.2.1.csproj", "{CCA59D34-5B62-4DFB-BDE7-8103C4FFAE73}"
EndProject
Project("{9A19103F-16F7-4668-BE54-9A1E7A4F7556}") = "Task2.2.2", "Task2.2.2\Task2.2.2.csproj", "{0AD4A564-EBAB-4243-BEBC-DA57E9984B92}"
EndProject
Project("{9A19103F-16F7-4668-BE54-9A1E7A4F7556}") = "Task2.2.3", "Task2.2.3\Task2.2.3.csproj", "{6D277536-E149-49EA-8439-9D8BD9644A42}"
EndProject
Project("{9A19103F-16F7-4668-BE54-9A1E7A4F7556}") = "Task3.1.1", "Task3.1.1\Task3.1.1.csproj", "{BA337321-53AF-4354-965B-969011A085DF}"
EndProject
Project("{9A19103F-16F7-4668-BE54-9A1E7A4F7556}") = "Task3.1.2", "Task3.1.2\Task3.1.2.csproj", "{128DD17E-756D-404B-8CB1-803777388661}"
EndProject
Project("{9A19103F-16F7-4668-BE54-9A1E7A4F7556}") = "Task2.1", "Task2.1\Task2.1.csproj", "{6A6637B8-5015-4A9D-9687-8BE5FA7AA773}"
EndProject
Project("{FAE04EC0-301F-11D3-BF4B-00C04F79EFBC}") = "Task3.1.3", "Task3.1.3\Task3.1.3.csproj", "{E1965EF4-0F2C-485A-A8F3-F57E63B6F3F4}"
EndProject
Project("{FAE04EC0-301F-11D3-BF4B-00C04F79EFBC}") = "Task3.1.4", "Task3.1.4\Task3.1.4.csproj", "{B1DC644E-A672-4C3B-89D9-D69FF7769D83}"
EndProject
Global
	GlobalSection(SolutionConfigurationPlatforms) = preSolution
		Debug|Any CPU = Debug|Any CPU
		Release|Any CPU = Release|Any CPU
	EndGlobalSection
	GlobalSection(ProjectConfigurationPlatforms) = postSolution
		{F94A9F0F-8296-4559-BFF8-AE63F966326C}.Debug|Any CPU.ActiveCfg = Debug|Any CPU
		{F94A9F0F-8296-4559-BFF8-AE63F966326C}.Debug|Any CPU.Build.0 = Debug|Any CPU
		{F94A9F0F-8296-4559-BFF8-AE63F966326C}.Release|Any CPU.ActiveCfg = Release|Any CPU
		{F94A9F0F-8296-4559-BFF8-AE63F966326C}.Release|Any CPU.Build.0 = Release|Any CPU
		{0EA02082-E7FA-4327-B30F-7C45006B86BC}.Debug|Any CPU.ActiveCfg = Debug|Any CPU
		{0EA02082-E7FA-4327-B30F-7C45006B86BC}.Debug|Any CPU.Build.0 = Debug|Any CPU
		{0EA02082-E7FA-4327-B30F-7C45006B86BC}.Release|Any CPU.ActiveCfg = Release|Any CPU
		{0EA02082-E7FA-4327-B30F-7C45006B86BC}.Release|Any CPU.Build.0 = Release|Any CPU
		{683BFCBD-420F-4F2F-B98D-E36A3758CCBF}.Debug|Any CPU.ActiveCfg = Debug|Any CPU
		{683BFCBD-420F-4F2F-B98D-E36A3758CCBF}.Debug|Any CPU.Build.0 = Debug|Any CPU
		{683BFCBD-420F-4F2F-B98D-E36A3758CCBF}.Release|Any CPU.ActiveCfg = Release|Any CPU
		{683BFCBD-420F-4F2F-B98D-E36A3758CCBF}.Release|Any CPU.Build.0 = Release|Any CPU
		{CCA59D34-5B62-4DFB-BDE7-8103C4FFAE73}.Debug|Any CPU.ActiveCfg = Debug|Any CPU
		{CCA59D34-5B62-4DFB-BDE7-8103C4FFAE73}.Debug|Any CPU.Build.0 = Debug|Any CPU
		{CCA59D34-5B62-4DFB-BDE7-8103C4FFAE73}.Release|Any CPU.ActiveCfg = Release|Any CPU
		{CCA59D34-5B62-4DFB-BDE7-8103C4FFAE73}.Release|Any CPU.Build.0 = Release|Any CPU
		{0AD4A564-EBAB-4243-BEBC-DA57E9984B92}.Debug|Any CPU.ActiveCfg = Debug|Any CPU
		{0AD4A564-EBAB-4243-BEBC-DA57E9984B92}.Debug|Any CPU.Build.0 = Debug|Any CPU
		{0AD4A564-EBAB-4243-BEBC-DA57E9984B92}.Release|Any CPU.ActiveCfg = Release|Any CPU
		{0AD4A564-EBAB-4243-BEBC-DA57E9984B92}.Release|Any CPU.Build.0 = Release|Any CPU
		{6D277536-E149-49EA-8439-9D8BD9644A42}.Debug|Any CPU.ActiveCfg = Debug|Any CPU
		{6D277536-E149-49EA-8439-9D8BD9644A42}.Debug|Any CPU.Build.0 = Debug|Any CPU
		{6D277536-E149-49EA-8439-9D8BD9644A42}.Release|Any CPU.ActiveCfg = Release|Any CPU
		{6D277536-E149-49EA-8439-9D8BD9644A42}.Release|Any CPU.Build.0 = Release|Any CPU
		{BA337321-53AF-4354-965B-969011A085DF}.Debug|Any CPU.ActiveCfg = Debug|Any CPU
		{BA337321-53AF-4354-965B-969011A085DF}.Debug|Any CPU.Build.0 = Debug|Any CPU
		{BA337321-53AF-4354-965B-969011A085DF}.Release|Any CPU.ActiveCfg = Release|Any CPU
		{BA337321-53AF-4354-965B-969011A085DF}.Release|Any CPU.Build.0 = Release|Any CPU
		{128DD17E-756D-404B-8CB1-803777388661}.Debug|Any CPU.ActiveCfg = Debug|Any CPU
		{128DD17E-756D-404B-8CB1-803777388661}.Debug|Any CPU.Build.0 = Debug|Any CPU
		{128DD17E-756D-404B-8CB1-803777388661}.Release|Any CPU.ActiveCfg = Release|Any CPU
		{128DD17E-756D-404B-8CB1-803777388661}.Release|Any CPU.Build.0 = Release|Any CPU
		{6A6637B8-5015-4A9D-9687-8BE5FA7AA773}.Debug|Any CPU.ActiveCfg = Debug|Any CPU
		{6A6637B8-5015-4A9D-9687-8BE5FA7AA773}.Debug|Any CPU.Build.0 = Debug|Any CPU
		{6A6637B8-5015-4A9D-9687-8BE5FA7AA773}.Release|Any CPU.ActiveCfg = Release|Any CPU
		{6A6637B8-5015-4A9D-9687-8BE5FA7AA773}.Release|Any CPU.Build.0 = Release|Any CPU
		{E1965EF4-0F2C-485A-A8F3-F57E63B6F3F4}.Debug|Any CPU.ActiveCfg = Debug|Any CPU
		{E1965EF4-0F2C-485A-A8F3-F57E63B6F3F4}.Debug|Any CPU.Build.0 = Debug|Any CPU
		{E1965EF4-0F2C-485A-A8F3-F57E63B6F3F4}.Release|Any CPU.ActiveCfg = Release|Any CPU
		{E1965EF4-0F2C-485A-A8F3-F57E63B6F3F4}.Release|Any CPU.Build.0 = Release|Any CPU
		{B1DC644E-A672-4C3B-89D9-D69FF7769D83}.Debug|Any CPU.ActiveCfg = Debug|Any CPU
		{B1DC644E-A672-4C3B-89D9-D69FF7769D83}.Debug|Any CPU.Build.0 = Debug|Any CPU
		{B1DC644E-A672-4C3B-89D9-D69FF7769D83}.Release|Any CPU.ActiveCfg = Release|Any CPU
		{B1DC644E-A672-4C3B-89D9-D69FF7769D83}.Release|Any CPU.Build.0 = Release|Any CPU
	EndGlobalSection
	GlobalSection(SolutionProperties) = preSolution
		HideSolutionNode = FALSE
	EndGlobalSection
	GlobalSection(ExtensibilityGlobals) = postSolution
		SolutionGuid = {5BF67B76-C5DD-4C21-B662-801CED4A9B30}
	EndGlobalSection
EndGlobal
